
Microsoft Visual Studio Solution File, Format Version 12.00
# Visual Studio Version 16
VisualStudioVersion = 16.0.29409.12
MinimumVisualStudioVersion = 10.0.40219.1
Project("{FAE04EC0-301F-11D3-BF4B-00C04F79EFBC}") = "ZMZB-Web", "ZMZB-Web\ZMZB-Web.csproj", "{BDF9C6C6-7B76-45F0-B70C-530907EEE4FB}"
EndProject
Project("{FAE04EC0-301F-11D3-BF4B-00C04F79EFBC}") = "Framework", "Framework\Framework.csproj", "{31F8FC7F-8361-43F3-97A9-5AB0D6A04E47}"
EndProject
Project("{FAE04EC0-301F-11D3-BF4B-00C04F79EFBC}") = "ZMZB-Framework", "ZMZB-Framework\ZMZB-Framework.csproj", "{0B94B564-EA7E-4C3D-970C-E99182E3A542}"
EndProject
Project("{FAE04EC0-301F-11D3-BF4B-00C04F79EFBC}") = "ZMZB-Entity", "ZMZB-Entity\ZMZB-Entity.csproj", "{1BCE9086-AE18-4793-AA23-548547E6410F}"
EndProject
Global
	GlobalSection(SolutionConfigurationPlatforms) = preSolution
		Debug|Any CPU = Debug|Any CPU
		Release|Any CPU = Release|Any CPU
	EndGlobalSection
	GlobalSection(ProjectConfigurationPlatforms) = postSolution
		{BDF9C6C6-7B76-45F0-B70C-530907EEE4FB}.Debug|Any CPU.ActiveCfg = Debug|Any CPU
		{BDF9C6C6-7B76-45F0-B70C-530907EEE4FB}.Debug|Any CPU.Build.0 = Debug|Any CPU
		{BDF9C6C6-7B76-45F0-B70C-530907EEE4FB}.Release|Any CPU.ActiveCfg = Release|Any CPU
		{BDF9C6C6-7B76-45F0-B70C-530907EEE4FB}.Release|Any CPU.Build.0 = Release|Any CPU
		{31F8FC7F-8361-43F3-97A9-5AB0D6A04E47}.Debug|Any CPU.ActiveCfg = Debug|Any CPU
		{31F8FC7F-8361-43F3-97A9-5AB0D6A04E47}.Debug|Any CPU.Build.0 = Debug|Any CPU
		{31F8FC7F-8361-43F3-97A9-5AB0D6A04E47}.Release|Any CPU.ActiveCfg = Release|Any CPU
		{31F8FC7F-8361-43F3-97A9-5AB0D6A04E47}.Release|Any CPU.Build.0 = Release|Any CPU
		{0B94B564-EA7E-4C3D-970C-E99182E3A542}.Debug|Any CPU.ActiveCfg = Debug|Any CPU
		{0B94B564-EA7E-4C3D-970C-E99182E3A542}.Debug|Any CPU.Build.0 = Debug|Any CPU
		{0B94B564-EA7E-4C3D-970C-E99182E3A542}.Release|Any CPU.ActiveCfg = Release|Any CPU
		{0B94B564-EA7E-4C3D-970C-E99182E3A542}.Release|Any CPU.Build.0 = Release|Any CPU
		{1BCE9086-AE18-4793-AA23-548547E6410F}.Debug|Any CPU.ActiveCfg = Debug|Any CPU
		{1BCE9086-AE18-4793-AA23-548547E6410F}.Debug|Any CPU.Build.0 = Debug|Any CPU
		{1BCE9086-AE18-4793-AA23-548547E6410F}.Release|Any CPU.ActiveCfg = Release|Any CPU
		{1BCE9086-AE18-4793-AA23-548547E6410F}.Release|Any CPU.Build.0 = Release|Any CPU
	EndGlobalSection
	GlobalSection(SolutionProperties) = preSolution
		HideSolutionNode = FALSE
	EndGlobalSection
	GlobalSection(ExtensibilityGlobals) = postSolution
		SolutionGuid = {3FCBB979-D89D-4165-B770-869B970FE865}
	EndGlobalSection
EndGlobal
